
Microsoft Visual Studio Solution File, Format Version 12.00
# Visual Studio Version 16
VisualStudioVersion = 16.0.29806.167
MinimumVisualStudioVersion = 10.0.40219.1
Project("{9A19103F-16F7-4668-BE54-9A1E7A4F7556}") = "shop.Web", "shop\shop.Web.csproj", "{F472FABC-31D1-4393-8EA3-BAACE49A96A4}"
	ProjectSection(ProjectDependencies) = postProject
		{3F4DBDD0-AE0A-4A8C-B5FB-78FD6C3E89B3} = {3F4DBDD0-AE0A-4A8C-B5FB-78FD6C3E89B3}
	EndProjectSection
EndProject
Project("{9A19103F-16F7-4668-BE54-9A1E7A4F7556}") = "shop.DAL", "shop.DAL\shop.DAL.csproj", "{3F4DBDD0-AE0A-4A8C-B5FB-78FD6C3E89B3}"
EndProject
Project("{9A19103F-16F7-4668-BE54-9A1E7A4F7556}") = "shop.BLL", "shop.BLL\shop.BLL.csproj", "{1A19B071-6FAF-4576-856A-FC49F3167CE3}"
EndProject
Project("{2150E333-8FDC-42A3-9474-1A3956D46DE8}") = "Shop", "Shop", "{6C74AB14-99FC-47EB-A635-B7FB3DAE5DA0}"
EndProject
Project("{2150E333-8FDC-42A3-9474-1A3956D46DE8}") = "Tests", "Tests", "{EBBA1DA4-7D73-4D69-9BE6-712E36BB7768}"
EndProject
Project("{FAE04EC0-301F-11D3-BF4B-00C04F79EFBC}") = "shop.Test", "Test\shop.Test.csproj", "{03BBC2DF-BEB7-4102-88D0-2C87B82EC0BD}"
	ProjectSection(ProjectDependencies) = postProject
		{1A19B071-6FAF-4576-856A-FC49F3167CE3} = {1A19B071-6FAF-4576-856A-FC49F3167CE3}
		{F472FABC-31D1-4393-8EA3-BAACE49A96A4} = {F472FABC-31D1-4393-8EA3-BAACE49A96A4}
		{3F4DBDD0-AE0A-4A8C-B5FB-78FD6C3E89B3} = {3F4DBDD0-AE0A-4A8C-B5FB-78FD6C3E89B3}
	EndProjectSection
EndProject
Global
	GlobalSection(SolutionConfigurationPlatforms) = preSolution
		Debug|Any CPU = Debug|Any CPU
		Release|Any CPU = Release|Any CPU
	EndGlobalSection
	GlobalSection(ProjectConfigurationPlatforms) = postSolution
		{F472FABC-31D1-4393-8EA3-BAACE49A96A4}.Debug|Any CPU.ActiveCfg = Debug|Any CPU
		{F472FABC-31D1-4393-8EA3-BAACE49A96A4}.Debug|Any CPU.Build.0 = Debug|Any CPU
		{F472FABC-31D1-4393-8EA3-BAACE49A96A4}.Release|Any CPU.ActiveCfg = Release|Any CPU
		{F472FABC-31D1-4393-8EA3-BAACE49A96A4}.Release|Any CPU.Build.0 = Release|Any CPU
		{3F4DBDD0-AE0A-4A8C-B5FB-78FD6C3E89B3}.Debug|Any CPU.ActiveCfg = Debug|Any CPU
		{3F4DBDD0-AE0A-4A8C-B5FB-78FD6C3E89B3}.Debug|Any CPU.Build.0 = Debug|Any CPU
		{3F4DBDD0-AE0A-4A8C-B5FB-78FD6C3E89B3}.Release|Any CPU.ActiveCfg = Release|Any CPU
		{3F4DBDD0-AE0A-4A8C-B5FB-78FD6C3E89B3}.Release|Any CPU.Build.0 = Release|Any CPU
		{1A19B071-6FAF-4576-856A-FC49F3167CE3}.Debug|Any CPU.ActiveCfg = Debug|Any CPU
		{1A19B071-6FAF-4576-856A-FC49F3167CE3}.Debug|Any CPU.Build.0 = Debug|Any CPU
		{1A19B071-6FAF-4576-856A-FC49F3167CE3}.Release|Any CPU.ActiveCfg = Release|Any CPU
		{1A19B071-6FAF-4576-856A-FC49F3167CE3}.Release|Any CPU.Build.0 = Release|Any CPU
		{03BBC2DF-BEB7-4102-88D0-2C87B82EC0BD}.Debug|Any CPU.ActiveCfg = Debug|Any CPU
		{03BBC2DF-BEB7-4102-88D0-2C87B82EC0BD}.Debug|Any CPU.Build.0 = Debug|Any CPU
		{03BBC2DF-BEB7-4102-88D0-2C87B82EC0BD}.Release|Any CPU.ActiveCfg = Release|Any CPU
		{03BBC2DF-BEB7-4102-88D0-2C87B82EC0BD}.Release|Any CPU.Build.0 = Release|Any CPU
	EndGlobalSection
	GlobalSection(SolutionProperties) = preSolution
		HideSolutionNode = FALSE
	EndGlobalSection
	GlobalSection(NestedProjects) = preSolution
		{F472FABC-31D1-4393-8EA3-BAACE49A96A4} = {6C74AB14-99FC-47EB-A635-B7FB3DAE5DA0}
		{3F4DBDD0-AE0A-4A8C-B5FB-78FD6C3E89B3} = {6C74AB14-99FC-47EB-A635-B7FB3DAE5DA0}
		{1A19B071-6FAF-4576-856A-FC49F3167CE3} = {6C74AB14-99FC-47EB-A635-B7FB3DAE5DA0}
		{03BBC2DF-BEB7-4102-88D0-2C87B82EC0BD} = {EBBA1DA4-7D73-4D69-9BE6-712E36BB7768}
	EndGlobalSection
	GlobalSection(ExtensibilityGlobals) = postSolution
		SolutionGuid = {8203C853-42AA-40D8-B719-652B3E01645C}
	EndGlobalSection
EndGlobal
